
Microsoft Visual Studio Solution File, Format Version 12.00
# Visual Studio Version 17
VisualStudioVersion = 17.2.32505.173
MinimumVisualStudioVersion = 10.0.40219.1
Project("{9A19103F-16F7-4668-BE54-9A1E7A4F7556}") = "Sqshandler", "Sqshandler.csproj", "{F69C1FD5-160B-4934-8CFC-84EBE558AA55}"
EndProject
Project("{FAE04EC0-301F-11D3-BF4B-00C04F79EFBC}") = "Sqshandler.Core", "..\Sqshandler.Core\Sqshandler.Core.csproj", "{F7B30CEA-3AE0-4AAC-BEAF-C250ACE1D95E}"
EndProject
Global
	GlobalSection(SolutionConfigurationPlatforms) = preSolution
		Debug|Any CPU = Debug|Any CPU
		Release|Any CPU = Release|Any CPU
	EndGlobalSection
	GlobalSection(ProjectConfigurationPlatforms) = postSolution
		{F69C1FD5-160B-4934-8CFC-84EBE558AA55}.Debug|Any CPU.ActiveCfg = Debug|Any CPU
		{F69C1FD5-160B-4934-8CFC-84EBE558AA55}.Debug|Any CPU.Build.0 = Debug|Any CPU
		{F69C1FD5-160B-4934-8CFC-84EBE558AA55}.Release|Any CPU.ActiveCfg = Release|Any CPU
		{F69C1FD5-160B-4934-8CFC-84EBE558AA55}.Release|Any CPU.Build.0 = Release|Any CPU
		{F7B30CEA-3AE0-4AAC-BEAF-C250ACE1D95E}.Debug|Any CPU.ActiveCfg = Debug|Any CPU
		{F7B30CEA-3AE0-4AAC-BEAF-C250ACE1D95E}.Debug|Any CPU.Build.0 = Debug|Any CPU
		{F7B30CEA-3AE0-4AAC-BEAF-C250ACE1D95E}.Release|Any CPU.ActiveCfg = Release|Any CPU
		{F7B30CEA-3AE0-4AAC-BEAF-C250ACE1D95E}.Release|Any CPU.Build.0 = Release|Any CPU
	EndGlobalSection
	GlobalSection(SolutionProperties) = preSolution
		HideSolutionNode = FALSE
	EndGlobalSection
	GlobalSection(ExtensibilityGlobals) = postSolution
		SolutionGuid = {8BA6F022-35DD-4261-B0AB-EDC19FAA19DC}
	EndGlobalSection
EndGlobal
